
Microsoft Visual Studio Solution File, Format Version 12.00
# Visual Studio Version 17
VisualStudioVersion = 17.4.33213.308
MinimumVisualStudioVersion = 10.0.40219.1
Project("{FAE04EC0-301F-11D3-BF4B-00C04F79EFBC}") = "BinMerger", "BinMerger.csproj", "{47C8B084-2451-42AA-BA7A-1F67FFFFE07D}"
EndProject
Global
	GlobalSection(SolutionConfigurationPlatforms) = preSolution
		Debug|Any CPU = Debug|Any CPU
		Release|Any CPU = Release|Any CPU
	EndGlobalSection
	GlobalSection(ProjectConfigurationPlatforms) = postSolution
		{47C8B084-2451-42AA-BA7A-1F67FFFFE07D}.Debug|Any CPU.ActiveCfg = Debug|Any CPU
		{47C8B084-2451-42AA-BA7A-1F67FFFFE07D}.Debug|Any CPU.Build.0 = Debug|Any CPU
		{47C8B084-2451-42AA-BA7A-1F67FFFFE07D}.Release|Any CPU.ActiveCfg = Release|Any CPU
		{47C8B084-2451-42AA-BA7A-1F67FFFFE07D}.Release|Any CPU.Build.0 = Release|Any CPU
	EndGlobalSection
	GlobalSection(SolutionProperties) = preSolution
		HideSolutionNode = FALSE
	EndGlobalSection
	GlobalSection(ExtensibilityGlobals) = postSolution
		SolutionGuid = {04673CE9-7A5F-45C5-8D0E-CC29E55E30B3}
	EndGlobalSection
EndGlobal
